{
  "name": "airplane_mode",
  "lockfileVersion": 3,
  "requires": true,
  "packages": {
    "": {
      "dependencies": {
        "@sentry/cli": "^3.1.0"
      }
    },
    "node_modules/@sentry/cli": {
      "version": "3.1.0",
      "resolved": "https://registry.npmjs.org/@sentry/cli/-/cli-3.1.0.tgz",
      "integrity": "sha512-ngnx6E8XjXpg1uzma45INfKCS8yurb/fl3cZdXTCa2wmek8b4N6WIlmOlTKFTBrV54OauF6mloJxAlpuzoQR6g==",
      "hasInstallScript": true,
      "license": "FSL-1.1-MIT",
      "dependencies": {
        "progress": "^2.0.3",
        "proxy-from-env": "^1.1.0",
        "undici": "^6.22.0",
        "which": "^2.0.2"
      },
      "bin": {
        "sentry-cli": "bin/sentry-cli"
      },
      "engines": {
        "node": ">= 18"
      },
      "optionalDependencies": {
        "@sentry/cli-darwin": "3.1.0",
        "@sentry/cli-linux-arm": "3.1.0",
        "@sentry/cli-linux-arm64": "3.1.0",
        "@sentry/cli-linux-i686": "3.1.0",
        "@sentry/cli-linux-x64": "3.1.0",
        "@sentry/cli-win32-arm64": "3.1.0",
        "@sentry/cli-win32-i686": "3.1.0",
        "@sentry/cli-win32-x64": "3.1.0"
      }
    },
    "node_modules/@sentry/cli-darwin": {
      "version": "3.1.0",
      "resolved": "https://registry.npmjs.org/@sentry/cli-darwin/-/cli-darwin-3.1.0.tgz",
      "integrity": "sha512-xT1WlCHenGGO29Lq/wKaIthdqZzNzZhlPs7dXrzlBx9DyA2Jnl0g7WEau0oWi8GyJGVRXCJMiCydR//Tb5qVwA==",
      "license": "FSL-1.1-MIT",
      "optional": true,
      "os": [
        "darwin"
      ],
      "engines": {
        "node": ">=18"
      }
    },
    "node_modules/@sentry/cli-linux-arm": {
      "version": "3.1.0",
      "resolved": "https://registry.npmjs.org/@sentry/cli-linux-arm/-/cli-linux-arm-3.1.0.tgz",
      "integrity": "sha512-kbP3/8/Ct/Jbm569KDXbFIyMyPypIegObvIT7LdSsfdYSZdBd396GV7vUpSGKiLUVVN0xjn8OqQ48AVGfjmuMg==",
      "cpu": [
        "arm"
      ],
      "license": "FSL-1.1-MIT",
      "optional": true,
      "os": [
        "linux",
        "freebsd",
        "android"
      ],
      "engines": {
        "node": ">=18"
      }
    },
    "node_modules/@sentry/cli-linux-arm64": {
      "version": "3.1.0",
      "resolved": "https://registry.npmjs.org/@sentry/cli-linux-arm64/-/cli-linux-arm64-3.1.0.tgz",
      "integrity": "sha512-Jm/iHLKiHxrZYlAq2tT07amiegEVCOAQT9Unilr6djjcZzS2tcI9ThSRQvjP9tFpFRKop+NyNGE3XHXf69r00g==",
      "cpu": [
        "arm64"
      ],
      "license": "FSL-1.1-MIT",
      "optional": true,
      "os": [
        "linux",
        "freebsd",
        "android"
      ],
      "engines": {
        "node": ">=18"
      }
    },
    "node_modules/@sentry/cli-linux-i686": {
      "version": "3.1.0",
      "resolved": "https://registry.npmjs.org/@sentry/cli-linux-i686/-/cli-linux-i686-3.1.0.tgz",
      "integrity": "sha512-f/PK/EGK5vFOy7LC4Riwb+BEE20Nk7RbEFEMjvRq26DpETCrZYUGlbpIKvJFKOaUmr79aAkFCA/EjJiYfcQP2Q==",
      "cpu": [
        "x86",
        "ia32"
      ],
      "license": "FSL-1.1-MIT",
      "optional": true,
      "os": [
        "linux",
        "freebsd",
        "android"
      ],
      "engines": {
        "node": ">=18"
      }
    },
    "node_modules/@sentry/cli-linux-x64": {
      "version": "3.1.0",
      "resolved": "https://registry.npmjs.org/@sentry/cli-linux-x64/-/cli-linux-x64-3.1.0.tgz",
      "integrity": "sha512-T+v8x1ujhixZrOrH0sVhsW6uLwK4n0WS+B+5xV46WqUKe32cbYotursp2y53ROjgat8SQDGeP/VnC0Qa3Y2fEA==",
      "cpu": [
        "x64"
      ],
      "license": "FSL-1.1-MIT",
      "optional": true,
      "os": [
        "linux",
        "freebsd",
        "android"
      ],
      "engines": {
        "node": ">=18"
      }
    },
    "node_modules/@sentry/cli-win32-arm64": {
      "version": "3.1.0",
      "resolved": "https://registry.npmjs.org/@sentry/cli-win32-arm64/-/cli-win32-arm64-3.1.0.tgz",
      "integrity": "sha512-2DIPq6aW2DC34EDC9J0xwD+9BpFnKdFGdIcQUZMS+5pXlU6V7o8wpZxZAM8TdYNmsPkkQGKp7Dhl/arWpvNgrw==",
      "cpu": [
        "arm64"
      ],
      "license": "FSL-1.1-MIT",
      "optional": true,
      "os": [
        "win32"
      ],
      "engines": {
        "node": ">=18"
      }
    },
    "node_modules/@sentry/cli-win32-i686": {
      "version": "3.1.0",
      "resolved": "https://registry.npmjs.org/@sentry/cli-win32-i686/-/cli-win32-i686-3.1.0.tgz",
      "integrity": "sha512-2NuywEiiZn6xJ1yAV2xjv/nuHiy6kZU5XR3RSAIrPdEZD1nBoMsH/gB2FufQw58Ziz/7otFcX+vtGpJjbIT5mQ==",
      "cpu": [
        "x86",
        "ia32"
      ],
      "license": "FSL-1.1-MIT",
      "optional": true,
      "os": [
        "win32"
      ],
      "engines": {
        "node": ">=18"
      }
    },
    "node_modules/@sentry/cli-win32-x64": {
      "version": "3.1.0",
      "resolved": "https://registry.npmjs.org/@sentry/cli-win32-x64/-/cli-win32-x64-3.1.0.tgz",
      "integrity": "sha512-Ip405Yqdrr+l9TImsZOJz6c9Nb4zvXcmtOIBKLHc9cowpfXfmlqsHbDp7Xh4+k4L0uLr9i+8ilgQ6ypcuF4UCg==",
      "cpu": [
        "x64"
      ],
      "license": "FSL-1.1-MIT",
      "optional": true,
      "os": [
        "win32"
      ],
      "engines": {
        "node": ">=18"
      }
    },
    "node_modules/isexe": {
      "version": "2.0.0",
      "resolved": "https://registry.npmjs.org/isexe/-/isexe-2.0.0.tgz",
      "integrity": "sha512-RHxMLp9lnKHGHRng9QFhRCMbYAcVpn69smSGcq3f36xjgVVWThj4qqLbTLlq7Ssj8B+fIQ1EuCEGI2lKsyQeIw==",
      "license": "ISC"
    },
    "node_modules/progress": {
      "version": "2.0.3",
      "resolved": "https://registry.npmjs.org/progress/-/progress-2.0.3.tgz",
      "integrity": "sha512-7PiHtLll5LdnKIMw100I+8xJXR5gW2QwWYkT6iJva0bXitZKa/XMrSbdmg3r2Xnaidz9Qumd0VPaMrZlF9V9sA==",
      "license": "MIT",
      "engines": {
        "node": ">=0.4.0"
      }
    },
    "node_modules/proxy-from-env": {
      "version": "1.1.0",
      "resolved": "https://registry.npmjs.org/proxy-from-env/-/proxy-from-env-1.1.0.tgz",
      "integrity": "sha512-D+zkORCbA9f1tdWRK0RaCR3GPv50cMxcrz4X8k5LTSUD1Dkw47mKJEZQNunItRTkWwgtaUSo1RVFRIG9ZXiFYg==",
      "license": "MIT"
    },
    "node_modules/undici": {
      "version": "6.23.0",
      "resolved": "https://registry.npmjs.org/undici/-/undici-6.23.0.tgz",
      "integrity": "sha512-VfQPToRA5FZs/qJxLIinmU59u0r7LXqoJkCzinq3ckNJp3vKEh7jTWN589YQ5+aoAC/TGRLyJLCPKcLQbM8r9g==",
      "license": "MIT",
      "engines": {
        "node": ">=18.17"
      }
    },
    "node_modules/which": {
      "version": "2.0.2",
      "resolved": "https://registry.npmjs.org/which/-/which-2.0.2.tgz",
      "integrity": "sha512-BLI3Tl1TW3Pvl70l3yq3Y64i+awpwXqsGBYWkkqMtnbXgrMD+yj7rhW0kuEDxzJaYXGjEW5ogapKNMEKNMjibA==",
      "license": "ISC",
      "dependencies": {
        "isexe": "^2.0.0"
      },
      "bin": {
        "node-which": "bin/node-which"
      },
      "engines": {
        "node": ">= 8"
      }
    }
  }
}
